
Microsoft Visual Studio Solution File, Format Version 12.00
# Visual Studio Version 17
VisualStudioVersion = 17.8.34330.188
MinimumVisualStudioVersion = 10.0.40219.1
Project("{8BC9CEB8-8B4A-11D0-8D11-00A0C91BC942}") = "Day_09naeun", "Day_09naeun.vcxproj", "{7F245B99-FAC4-4E9E-B243-1B26D8D946BD}"
EndProject
Global
	GlobalSection(SolutionConfigurationPlatforms) = preSolution
		Debug|x64 = Debug|x64
		Debug|x86 = Debug|x86
		Release|x64 = Release|x64
		Release|x86 = Release|x86
	EndGlobalSection
	GlobalSection(ProjectConfigurationPlatforms) = postSolution
		{7F245B99-FAC4-4E9E-B243-1B26D8D946BD}.Debug|x64.ActiveCfg = Debug|x64
		{7F245B99-FAC4-4E9E-B243-1B26D8D946BD}.Debug|x64.Build.0 = Debug|x64
		{7F245B99-FAC4-4E9E-B243-1B26D8D946BD}.Debug|x86.ActiveCfg = Debug|Win32
		{7F245B99-FAC4-4E9E-B243-1B26D8D946BD}.Debug|x86.Build.0 = Debug|Win32
		{7F245B99-FAC4-4E9E-B243-1B26D8D946BD}.Release|x64.ActiveCfg = Release|x64
		{7F245B99-FAC4-4E9E-B243-1B26D8D946BD}.Release|x64.Build.0 = Release|x64
		{7F245B99-FAC4-4E9E-B243-1B26D8D946BD}.Release|x86.ActiveCfg = Release|Win32
		{7F245B99-FAC4-4E9E-B243-1B26D8D946BD}.Release|x86.Build.0 = Release|Win32
	EndGlobalSection
	GlobalSection(SolutionProperties) = preSolution
		HideSolutionNode = FALSE
	EndGlobalSection
	GlobalSection(ExtensibilityGlobals) = postSolution
		SolutionGuid = {C0FC4CF9-6121-43CE-9F95-51B0C73B096F}
	EndGlobalSection
EndGlobal
